
Microsoft Visual Studio Solution File, Format Version 12.00
# Visual Studio Version 17
VisualStudioVersion = 17.5.33502.453
MinimumVisualStudioVersion = 10.0.40219.1
Project("{9A19103F-16F7-4668-BE54-9A1E7A4F7556}") = "Practica", "WinFormsApp1\Practica.csproj", "{541922A5-99E9-492F-95CA-C8711D0E1DF7}"
EndProject
Project("{9A19103F-16F7-4668-BE54-9A1E7A4F7556}") = "CapaVista", "CapaVista\CapaVista.csproj", "{082A35FB-D0B0-4277-A55C-4A292D1480E6}"
EndProject
Project("{9A19103F-16F7-4668-BE54-9A1E7A4F7556}") = "CapaDatos", "CapaDatos\CapaDatos.csproj", "{8F8CEE57-14BA-4E5A-80E6-895340DDE3E0}"
EndProject
Project("{FAE04EC0-301F-11D3-BF4B-00C04F79EFBC}") = "CapaControlador", "CapaControlador\CapaControlador.csproj", "{B60D0F92-993C-462F-9D78-3E36B842049E}"
EndProject
Global
	GlobalSection(SolutionConfigurationPlatforms) = preSolution
		Debug|Any CPU = Debug|Any CPU
		Release|Any CPU = Release|Any CPU
	EndGlobalSection
	GlobalSection(ProjectConfigurationPlatforms) = postSolution
		{541922A5-99E9-492F-95CA-C8711D0E1DF7}.Debug|Any CPU.ActiveCfg = Debug|Any CPU
		{541922A5-99E9-492F-95CA-C8711D0E1DF7}.Debug|Any CPU.Build.0 = Debug|Any CPU
		{541922A5-99E9-492F-95CA-C8711D0E1DF7}.Release|Any CPU.ActiveCfg = Release|Any CPU
		{541922A5-99E9-492F-95CA-C8711D0E1DF7}.Release|Any CPU.Build.0 = Release|Any CPU
		{082A35FB-D0B0-4277-A55C-4A292D1480E6}.Debug|Any CPU.ActiveCfg = Debug|Any CPU
		{082A35FB-D0B0-4277-A55C-4A292D1480E6}.Debug|Any CPU.Build.0 = Debug|Any CPU
		{082A35FB-D0B0-4277-A55C-4A292D1480E6}.Release|Any CPU.ActiveCfg = Release|Any CPU
		{082A35FB-D0B0-4277-A55C-4A292D1480E6}.Release|Any CPU.Build.0 = Release|Any CPU
		{8F8CEE57-14BA-4E5A-80E6-895340DDE3E0}.Debug|Any CPU.ActiveCfg = Debug|Any CPU
		{8F8CEE57-14BA-4E5A-80E6-895340DDE3E0}.Debug|Any CPU.Build.0 = Debug|Any CPU
		{8F8CEE57-14BA-4E5A-80E6-895340DDE3E0}.Release|Any CPU.ActiveCfg = Release|Any CPU
		{8F8CEE57-14BA-4E5A-80E6-895340DDE3E0}.Release|Any CPU.Build.0 = Release|Any CPU
		{B60D0F92-993C-462F-9D78-3E36B842049E}.Debug|Any CPU.ActiveCfg = Debug|Any CPU
		{B60D0F92-993C-462F-9D78-3E36B842049E}.Debug|Any CPU.Build.0 = Debug|Any CPU
		{B60D0F92-993C-462F-9D78-3E36B842049E}.Release|Any CPU.ActiveCfg = Release|Any CPU
		{B60D0F92-993C-462F-9D78-3E36B842049E}.Release|Any CPU.Build.0 = Release|Any CPU
	EndGlobalSection
	GlobalSection(SolutionProperties) = preSolution
		HideSolutionNode = FALSE
	EndGlobalSection
	GlobalSection(ExtensibilityGlobals) = postSolution
		SolutionGuid = {14F930A7-6370-488F-8EB6-47D67FEBD9CB}
	EndGlobalSection
EndGlobal
